// !$*UTF8*$!
{
	archiveVersion = 1;
	classes = {
	};
	objectVersion = 46;
	objects = {

/* Begin PBXBuildFile section */
		5F7CBB8E1C913FB60098F9D7 /* main.m in Sources */ = {isa = PBXBuildFile; fileRef = 5F7CBB8D1C913FB60098F9D7 /* main.m */; };
		5F7CBB911C913FB60098F9D7 /* AppDelegate.m in Sources */ = {isa = PBXBuildFile; fileRef = 5F7CBB901C913FB60098F9D7 /* AppDelegate.m */; };
		5F7CBB941C913FB60098F9D7 /* ViewController.m in Sources */ = {isa = PBXBuildFile; fileRef = 5F7CBB931C913FB60098F9D7 /* ViewController.m */; };
		5F7CBB971C913FB60098F9D7 /* Main.storyboard in Resources */ = {isa = PBXBuildFile; fileRef = 5F7CBB951C913FB60098F9D7 /* Main.storyboard */; };
		5F7CBB991C913FB60098F9D7 /* Assets.xcassets in Resources */ = {isa = PBXBuildFile; fileRef = 5F7CBB981C913FB60098F9D7 /* Assets.xcassets */; };
		5F7CBB9C1C913FB60098F9D7 /* LaunchScreen.storyboard in Resources */ = {isa = PBXBuildFile; fileRef = 5F7CBB9A1C913FB60098F9D7 /* LaunchScreen.storyboard */; };
		5F7CBBAB1C91406D0098F9D7 /* demo.html in Resources */ = {isa = PBXBuildFile; fileRef = 5F7CBBAA1C91406D0098F9D7 /* demo.html */; };
		5F7CBBCE1C9140E90098F9D7 /* MKAnnotationView+WebCache.m in Sources */ = {isa = PBXBuildFile; fileRef = 5F7CBBAE1C9140E90098F9D7 /* MKAnnotationView+WebCache.m */; };
		5F7CBBCF1C9140E90098F9D7 /* NSData+ImageContentType.m in Sources */ = {isa = PBXBuildFile; fileRef = 5F7CBBB01C9140E90098F9D7 /* NSData+ImageContentType.m */; };
		5F7CBBD01C9140E90098F9D7 /* SDImageCache.m in Sources */ = {isa = PBXBuildFile; fileRef = 5F7CBBB21C9140E90098F9D7 /* SDImageCache.m */; };
		5F7CBBD11C9140E90098F9D7 /* SDWebImageCompat.m in Sources */ = {isa = PBXBuildFile; fileRef = 5F7CBBB41C9140E90098F9D7 /* SDWebImageCompat.m */; };
		5F7CBBD21C9140E90098F9D7 /* SDWebImageDecoder.m in Sources */ = {isa = PBXBuildFile; fileRef = 5F7CBBB61C9140E90098F9D7 /* SDWebImageDecoder.m */; };
		5F7CBBD31C9140E90098F9D7 /* SDWebImageDownloader.m in Sources */ = {isa = PBXBuildFile; fileRef = 5F7CBBB81C9140E90098F9D7 /* SDWebImageDownloader.m */; };
		5F7CBBD41C9140E90098F9D7 /* SDWebImageDownloaderOperation.m in Sources */ = {isa = PBXBuildFile; fileRef = 5F7CBBBA1C9140E90098F9D7 /* SDWebImageDownloaderOperation.m */; };
		5F7CBBD51C9140E90098F9D7 /* SDWebImageManager.m in Sources */ = {isa = PBXBuildFile; fileRef = 5F7CBBBC1C9140E90098F9D7 /* SDWebImageManager.m */; };
		5F7CBBD61C9140E90098F9D7 /* SDWebImagePrefetcher.m in Sources */ = {isa = PBXBuildFile; fileRef = 5F7CBBBF1C9140E90098F9D7 /* SDWebImagePrefetcher.m */; };
		5F7CBBD71C9140E90098F9D7 /* UIButton+WebCache.m in Sources */ = {isa = PBXBuildFile; fileRef = 5F7CBBC11C9140E90098F9D7 /* UIButton+WebCache.m */; };
		5F7CBBD81C9140E90098F9D7 /* UIImage+GIF.m in Sources */ = {isa = PBXBuildFile; fileRef = 5F7CBBC31C9140E90098F9D7 /* UIImage+GIF.m */; };
		5F7CBBD91C9140E90098F9D7 /* UIImage+MultiFormat.m in Sources */ = {isa = PBXBuildFile; fileRef = 5F7CBBC51C9140E90098F9D7 /* UIImage+MultiFormat.m */; };
		5F7CBBDA1C9140E90098F9D7 /* UIImage+WebP.m in Sources */ = {isa = PBXBuildFile; fileRef = 5F7CBBC71C9140E90098F9D7 /* UIImage+WebP.m */; };
		5F7CBBDB1C9140E90098F9D7 /* UIImageView+HighlightedWebCache.m in Sources */ = {isa = PBXBuildFile; fileRef = 5F7CBBC91C9140E90098F9D7 /* UIImageView+HighlightedWebCache.m */; };
		5F7CBBDC1C9140E90098F9D7 /* UIImageView+WebCache.m in Sources */ = {isa = PBXBuildFile; fileRef = 5F7CBBCB1C9140E90098F9D7 /* UIImageView+WebCache.m */; };
		5F7CBBDD1C9140E90098F9D7 /* UIView+WebCacheOperation.m in Sources */ = {isa = PBXBuildFile; fileRef = 5F7CBBCD1C9140E90098F9D7 /* UIView+WebCacheOperation.m */; };
		5F7CBBDF1C9141760098F9D7 /* libxml2.2.tbd in Frameworks */ = {isa = PBXBuildFile; fileRef = 5F7CBBDE1C9141760098F9D7 /* libxml2.2.tbd */; };
		5F7CBBE11C9141BA0098F9D7 /* libxml2.tbd in Frameworks */ = {isa = PBXBuildFile; fileRef = 5F7CBBE01C9141BA0098F9D7 /* libxml2.tbd */; };
		5F7CBBE71C9142B30098F9D7 /* HTMLNode.m in Sources */ = {isa = PBXBuildFile; fileRef = 5F7CBBE41C9142B30098F9D7 /* HTMLNode.m */; };
		5F7CBBE81C9142B30098F9D7 /* HTMLParser.m in Sources */ = {isa = PBXBuildFile; fileRef = 5F7CBBE61C9142B30098F9D7 /* HTMLParser.m */; };
		5F7CBBEC1C9144030098F9D7 /* DetailInfoViewController.m in Sources */ = {isa = PBXBuildFile; fileRef = 5F7CBBEA1C9144030098F9D7 /* DetailInfoViewController.m */; };
		5F7CBBED1C9144030098F9D7 /* DetailInfoViewController.xib in Resources */ = {isa = PBXBuildFile; fileRef = 5F7CBBEB1C9144030098F9D7 /* DetailInfoViewController.xib */; };
/* End PBXBuildFile section */

/* Begin PBXFileReference section */
		5F7CBB891C913FB60098F9D7 /* ApisHTMLPrase.app */ = {isa = PBXFileReference; explicitFileType = wrapper.application; includeInIndex = 0; path = ApisHTMLPrase.app; sourceTree = BUILT_PRODUCTS_DIR; };
		5F7CBB8D1C913FB60098F9D7 /* main.m */ = {isa = PBXFileReference; lastKnownFileType = sourcecode.c.objc; path = main.m; sourceTree = "<group>"; };
		5F7CBB8F1C913FB60098F9D7 /* AppDelegate.h */ = {isa = PBXFileReference; lastKnownFileType = sourcecode.c.h; path = AppDelegate.h; sourceTree = "<group>"; };
		5F7CBB901C913FB60098F9D7 /* AppDelegate.m */ = {isa = PBXFileReference; lastKnownFileType = sourcecode.c.objc; path = AppDelegate.m; sourceTree = "<group>"; };
		5F7CBB921C913FB60098F9D7 /* ViewController.h */ = {isa = PBXFileReference; lastKnownFileType = sourcecode.c.h; path = ViewController.h; sourceTree = "<group>"; };
		5F7CBB931C913FB60098F9D7 /* ViewController.m */ = {isa = PBXFileReference; lastKnownFileType = sourcecode.c.objc; path = ViewController.m; sourceTree = "<group>"; };
		5F7CBB961C913FB60098F9D7 /* Base */ = {isa = PBXFileReference; lastKnownFileType = file.storyboard; name = Base; path = Base.lproj/Main.storyboard; sourceTree = "<group>"; };
		5F7CBB981C913FB60098F9D7 /* Assets.xcassets */ = {isa = PBXFileReference; lastKnownFileType = folder.assetcatalog; path = Assets.xcassets; sourceTree = "<group>"; };
		5F7CBB9B1C913FB60098F9D7 /* Base */ = {isa = PBXFileReference; lastKnownFileType = file.storyboard; name = Base; path = Base.lproj/LaunchScreen.storyboard; sourceTree = "<group>"; };
		5F7CBB9D1C913FB60098F9D7 /* Info.plist */ = {isa = PBXFileReference; lastKnownFileType = text.plist.xml; path = Info.plist; sourceTree = "<group>"; };
		5F7CBBAA1C91406D0098F9D7 /* demo.html */ = {isa = PBXFileReference; fileEncoding = 4; lastKnownFileType = text.html; path = demo.html; sourceTree = "<group>"; };
		5F7CBBAD1C9140E90098F9D7 /* MKAnnotationView+WebCache.h */ = {isa = PBXFileReference; fileEncoding = 4; lastKnownFileType = sourcecode.c.h; path = "MKAnnotationView+WebCache.h"; sourceTree = "<group>"; };
		5F7CBBAE1C9140E90098F9D7 /* MKAnnotationView+WebCache.m */ = {isa = PBXFileReference; fileEncoding = 4; lastKnownFileType = sourcecode.c.objc; path = "MKAnnotationView+WebCache.m"; sourceTree = "<group>"; };
		5F7CBBAF1C9140E90098F9D7 /* NSData+ImageContentType.h */ = {isa = PBXFileReference; fileEncoding = 4; lastKnownFileType = sourcecode.c.h; path = "NSData+ImageContentType.h"; sourceTree = "<group>"; };
		5F7CBBB01C9140E90098F9D7 /* NSData+ImageContentType.m */ = {isa = PBXFileReference; fileEncoding = 4; lastKnownFileType = sourcecode.c.objc; path = "NSData+ImageContentType.m"; sourceTree = "<group>"; };
		5F7CBBB11C9140E90098F9D7 /* SDImageCache.h */ = {isa = PBXFileReference; fileEncoding = 4; lastKnownFileType = sourcecode.c.h; path = SDImageCache.h; sourceTree = "<group>"; };
		5F7CBBB21C9140E90098F9D7 /* SDImageCache.m */ = {isa = PBXFileReference; fileEncoding = 4; lastKnownFileType = sourcecode.c.objc; path = SDImageCache.m; sourceTree = "<group>"; };
		5F7CBBB31C9140E90098F9D7 /* SDWebImageCompat.h */ = {isa = PBXFileReference; fileEncoding = 4; lastKnownFileType = sourcecode.c.h; path = SDWebImageCompat.h; sourceTree = "<group>"; };
		5F7CBBB41C9140E90098F9D7 /* SDWebImageCompat.m */ = {isa = PBXFileReference; fileEncoding = 4; lastKnownFileType = sourcecode.c.objc; path = SDWebImageCompat.m; sourceTree = "<group>"; };
		5F7CBBB51C9140E90098F9D7 /* SDWebImageDecoder.h */ = {isa = PBXFileReference; fileEncoding = 4; lastKnownFileType = sourcecode.c.h; path = SDWebImageDecoder.h; sourceTree = "<group>"; };
		5F7CBBB61C9140E90098F9D7 /* SDWebImageDecoder.m */ = {isa = PBXFileReference; fileEncoding = 4; lastKnownFileType = sourcecode.c.objc; path = SDWebImageDecoder.m; sourceTree = "<group>"; };
		5F7CBBB71C9140E90098F9D7 /* SDWebImageDownloader.h */ = {isa = PBXFileReference; fileEncoding = 4; lastKnownFileType = sourcecode.c.h; path = SDWebImageDownloader.h; sourceTree = "<group>"; };
		5F7CBBB81C9140E90098F9D7 /* SDWebImageDownloader.m */ = {isa = PBXFileReference; fileEncoding = 4; lastKnownFileType = sourcecode.c.objc; path = SDWebImageDownloader.m; sourceTree = "<group>"; };
		5F7CBBB91C9140E90098F9D7 /* SDWebImageDownloaderOperation.h */ = {isa = PBXFileReference; fileEncoding = 4; lastKnownFileType = sourcecode.c.h; path = SDWebImageDownloaderOperation.h; sourceTree = "<group>"; };
		5F7CBBBA1C9140E90098F9D7 /* SDWebImageDownloaderOperation.m */ = {isa = PBXFileReference; fileEncoding = 4; lastKnownFileType = sourcecode.c.objc; path = SDWebImageDownloaderOperation.m; sourceTree = "<group>"; };
		5F7CBBBB1C9140E90098F9D7 /* SDWebImageManager.h */ = {isa = PBXFileReference; fileEncoding = 4; lastKnownFileType = sourcecode.c.h; path = SDWebImageManager.h; sourceTree = "<group>"; };
		5F7CBBBC1C9140E90098F9D7 /* SDWebImageManager.m */ = {isa = PBXFileReference; fileEncoding = 4; lastKnownFileType = sourcecode.c.objc; path = SDWebImageManager.m; sourceTree = "<group>"; };
		5F7CBBBD1C9140E90098F9D7 /* SDWebImageOperation.h */ = {isa = PBXFileReference; fileEncoding = 4; lastKnownFileType = sourcecode.c.h; path = SDWebImageOperation.h; sourceTree = "<group>"; };
		5F7CBBBE1C9140E90098F9D7 /* SDWebImagePrefetcher.h */ = {isa = PBXFileReference; fileEncoding = 4; lastKnownFileType = sourcecode.c.h; path = SDWebImagePrefetcher.h; sourceTree = "<group>"; };
		5F7CBBBF1C9140E90098F9D7 /* SDWebImagePrefetcher.m */ = {isa = PBXFileReference; fileEncoding = 4; lastKnownFileType = sourcecode.c.objc; path = SDWebImagePrefetcher.m; sourceTree = "<group>"; };
		5F7CBBC01C9140E90098F9D7 /* UIButton+WebCache.h */ = {isa = PBXFileReference; fileEncoding = 4; lastKnownFileType = sourcecode.c.h; path = "UIButton+WebCache.h"; sourceTree = "<group>"; };
		5F7CBBC11C9140E90098F9D7 /* UIButton+WebCache.m */ = {isa = PBXFileReference; fileEncoding = 4; lastKnownFileType = sourcecode.c.objc; path = "UIButton+WebCache.m"; sourceTree = "<group>"; };
		5F7CBBC21C9140E90098F9D7 /* UIImage+GIF.h */ = {isa = PBXFileReference; fileEncoding = 4; lastKnownFileType = sourcecode.c.h; path = "UIImage+GIF.h"; sourceTree = "<group>"; };
		5F7CBBC31C9140E90098F9D7 /* UIImage+GIF.m */ = {isa = PBXFileReference; fileEncoding = 4; lastKnownFileType = sourcecode.c.objc; path = "UIImage+GIF.m"; sourceTree = "<group>"; };
		5F7CBBC41C9140E90098F9D7 /* UIImage+MultiFormat.h */ = {isa = PBXFileReference; fileEncoding = 4; lastKnownFileType = sourcecode.c.h; path = "UIImage+MultiFormat.h"; sourceTree = "<group>"; };
		5F7CBBC51C9140E90098F9D7 /* UIImage+MultiFormat.m */ = {isa = PBXFileReference; fileEncoding = 4; lastKnownFileType = sourcecode.c.objc; path = "UIImage+MultiFormat.m"; sourceTree = "<group>"; };
		5F7CBBC61C9140E90098F9D7 /* UIImage+WebP.h */ = {isa = PBXFileReference; fileEncoding = 4; lastKnownFileType = sourcecode.c.h; path = "UIImage+WebP.h"; sourceTree = "<group>"; };
		5F7CBBC71C9140E90098F9D7 /* UIImage+WebP.m */ = {isa = PBXFileReference; fileEncoding = 4; lastKnownFileType = sourcecode.c.objc; path = "UIImage+WebP.m"; sourceTree = "<group>"; };
		5F7CBBC81C9140E90098F9D7 /* UIImageView+HighlightedWebCache.h */ = {isa = PBXFileReference; fileEncoding = 4; lastKnownFileType = sourcecode.c.h; path = "UIImageView+HighlightedWebCache.h"; sourceTree = "<group>"; };
		5F7CBBC91C9140E90098F9D7 /* UIImageView+HighlightedWebCache.m */ = {isa = PBXFileReference; fileEncoding = 4; lastKnownFileType = sourcecode.c.objc; path = "UIImageView+HighlightedWebCache.m"; sourceTree = "<group>"; };
		5F7CBBCA1C9140E90098F9D7 /* UIImageView+WebCache.h */ = {isa = PBXFileReference; fileEncoding = 4; lastKnownFileType = sourcecode.c.h; path = "UIImageView+WebCache.h"; sourceTree = "<group>"; };
		5F7CBBCB1C9140E90098F9D7 /* UIImageView+WebCache.m */ = {isa = PBXFileReference; fileEncoding = 4; lastKnownFileType = sourcecode.c.objc; path = "UIImageView+WebCache.m"; sourceTree = "<group>"; };
		5F7CBBCC1C9140E90098F9D7 /* UIView+WebCacheOperation.h */ = {isa = PBXFileReference; fileEncoding = 4; lastKnownFileType = sourcecode.c.h; path = "UIView+WebCacheOperation.h"; sourceTree = "<group>"; };
		5F7CBBCD1C9140E90098F9D7 /* UIView+WebCacheOperation.m */ = {isa = PBXFileReference; fileEncoding = 4; lastKnownFileType = sourcecode.c.objc; path = "UIView+WebCacheOperation.m"; sourceTree = "<group>"; };
		5F7CBBDE1C9141760098F9D7 /* libxml2.2.tbd */ = {isa = PBXFileReference; lastKnownFileType = "sourcecode.text-based-dylib-definition"; name = libxml2.2.tbd; path = usr/lib/libxml2.2.tbd; sourceTree = SDKROOT; };
		5F7CBBE01C9141BA0098F9D7 /* libxml2.tbd */ = {isa = PBXFileReference; lastKnownFileType = "sourcecode.text-based-dylib-definition"; name = libxml2.tbd; path = usr/lib/libxml2.tbd; sourceTree = SDKROOT; };
		5F7CBBE31C9142B30098F9D7 /* HTMLNode.h */ = {isa = PBXFileReference; fileEncoding = 4; lastKnownFileType = sourcecode.c.h; path = HTMLNode.h; sourceTree = "<group>"; };
		5F7CBBE41C9142B30098F9D7 /* HTMLNode.m */ = {isa = PBXFileReference; fileEncoding = 4; lastKnownFileType = sourcecode.c.objc; path = HTMLNode.m; sourceTree = "<group>"; };
		5F7CBBE51C9142B30098F9D7 /* HTMLParser.h */ = {isa = PBXFileReference; fileEncoding = 4; lastKnownFileType = sourcecode.c.h; path = HTMLParser.h; sourceTree = "<group>"; };
		5F7CBBE61C9142B30098F9D7 /* HTMLParser.m */ = {isa = PBXFileReference; fileEncoding = 4; lastKnownFileType = sourcecode.c.objc; path = HTMLParser.m; sourceTree = "<group>"; };
		5F7CBBE91C9144030098F9D7 /* DetailInfoViewController.h */ = {isa = PBXFileReference; fileEncoding = 4; lastKnownFileType = sourcecode.c.h; path = DetailInfoViewController.h; sourceTree = "<group>"; };
		5F7CBBEA1C9144030098F9D7 /* DetailInfoViewController.m */ = {isa = PBXFileReference; fileEncoding = 4; lastKnownFileType = sourcecode.c.objc; path = DetailInfoViewController.m; sourceTree = "<group>"; };
		5F7CBBEB1C9144030098F9D7 /* DetailInfoViewController.xib */ = {isa = PBXFileReference; fileEncoding = 4; lastKnownFileType = file.xib; path = DetailInfoViewController.xib; sourceTree = "<group>"; };
/* End PBXFileReference section */

/* Begin PBXFrameworksBuildPhase section */
		5F7CBB861C913FB60098F9D7 /* Frameworks */ = {
			isa = PBXFrameworksBuildPhase;
			buildActionMask = 2147483647;
			files = (
				5F7CBBE11C9141BA0098F9D7 /* libxml2.tbd in Frameworks */,
				5F7CBBDF1C9141760098F9D7 /* libxml2.2.tbd in Frameworks */,
			);
			runOnlyForDeploymentPostprocessing = 0;
		};
/* End PBXFrameworksBuildPhase section */

/* Begin PBXGroup section */
		5F7CBB801C913FB60098F9D7 = {
			isa = PBXGroup;
			children = (
				5F7CBBE01C9141BA0098F9D7 /* libxml2.tbd */,
				5F7CBBDE1C9141760098F9D7 /* libxml2.2.tbd */,
				5F7CBB8B1C913FB60098F9D7 /* ApisHTMLPrase */,
				5F7CBB8A1C913FB60098F9D7 /* Products */,
			);
			sourceTree = "<group>";
		};
		5F7CBB8A1C913FB60098F9D7 /* Products */ = {
			isa = PBXGroup;
			children = (
				5F7CBB891C913FB60098F9D7 /* ApisHTMLPrase.app */,
			);
			name = Products;
			sourceTree = "<group>";
		};
		5F7CBB8B1C913FB60098F9D7 /* ApisHTMLPrase */ = {
			isa = PBXGroup;
			children = (
				5F7CBBE21C9142B30098F9D7 /* HTMLParser */,
				5F7CBBAC1C9140E90098F9D7 /* SDWebImage */,
				5F7CBB8F1C913FB60098F9D7 /* AppDelegate.h */,
				5F7CBBE91C9144030098F9D7 /* DetailInfoViewController.h */,
				5F7CBBEA1C9144030098F9D7 /* DetailInfoViewController.m */,
				5F7CBBEB1C9144030098F9D7 /* DetailInfoViewController.xib */,
				5F7CBB901C913FB60098F9D7 /* AppDelegate.m */,
				5F7CBB921C913FB60098F9D7 /* ViewController.h */,
				5F7CBB931C913FB60098F9D7 /* ViewController.m */,
				5F7CBB951C913FB60098F9D7 /* Main.storyboard */,
				5F7CBB981C913FB60098F9D7 /* Assets.xcassets */,
				5F7CBB9A1C913FB60098F9D7 /* LaunchScreen.storyboard */,
				5F7CBBAA1C91406D0098F9D7 /* demo.html */,
				5F7CBB9D1C913FB60098F9D7 /* Info.plist */,
				5F7CBB8C1C913FB60098F9D7 /* Supporting Files */,
			);
			path = ApisHTMLPrase;
			sourceTree = "<group>";
		};
		5F7CBB8C1C913FB60098F9D7 /* Supporting Files */ = {
			isa = PBXGroup;
			children = (
				5F7CBB8D1C913FB60098F9D7 /* main.m */,
			);
			name = "Supporting Files";
			sourceTree = "<group>";
		};
		5F7CBBAC1C9140E90098F9D7 /* SDWebImage */ = {
			isa = PBXGroup;
			children = (
				5F7CBBAD1C9140E90098F9D7 /* MKAnnotationView+WebCache.h */,
				5F7CBBAE1C9140E90098F9D7 /* MKAnnotationView+WebCache.m */,
				5F7CBBAF1C9140E90098F9D7 /* NSData+ImageContentType.h */,
				5F7CBBB01C9140E90098F9D7 /* NSData+ImageContentType.m */,
				5F7CBBB11C9140E90098F9D7 /* SDImageCache.h */,
				5F7CBBB21C9140E90098F9D7 /* SDImageCache.m */,
				5F7CBBB31C9140E90098F9D7 /* SDWebImageCompat.h */,
				5F7CBBB41C9140E90098F9D7 /* SDWebImageCompat.m */,
				5F7CBBB51C9140E90098F9D7 /* SDWebImageDecoder.h */,
				5F7CBBB61C9140E90098F9D7 /* SDWebImageDecoder.m */,
				5F7CBBB71C9140E90098F9D7 /* SDWebImageDownloader.h */,
				5F7CBBB81C9140E90098F9D7 /* SDWebImageDownloader.m */,
				5F7CBBB91C9140E90098F9D7 /* SDWebImageDownloaderOperation.h */,
				5F7CBBBA1C9140E90098F9D7 /* SDWebImageDownloaderOperation.m */,
				5F7CBBBB1C9140E90098F9D7 /* SDWebImageManager.h */,
				5F7CBBBC1C9140E90098F9D7 /* SDWebImageManager.m */,
				5F7CBBBD1C9140E90098F9D7 /* SDWebImageOperation.h */,
				5F7CBBBE1C9140E90098F9D7 /* SDWebImagePrefetcher.h */,
				5F7CBBBF1C9140E90098F9D7 /* SDWebImagePrefetcher.m */,
				5F7CBBC01C9140E90098F9D7 /* UIButton+WebCache.h */,
				5F7CBBC11C9140E90098F9D7 /* UIButton+WebCache.m */,
				5F7CBBC21C9140E90098F9D7 /* UIImage+GIF.h */,
				5F7CBBC31C9140E90098F9D7 /* UIImage+GIF.m */,
				5F7CBBC41C9140E90098F9D7 /* UIImage+MultiFormat.h */,
				5F7CBBC51C9140E90098F9D7 /* UIImage+MultiFormat.m */,
				5F7CBBC61C9140E90098F9D7 /* UIImage+WebP.h */,
				5F7CBBC71C9140E90098F9D7 /* UIImage+WebP.m */,
				5F7CBBC81C9140E90098F9D7 /* UIImageView+HighlightedWebCache.h */,
				5F7CBBC91C9140E90098F9D7 /* UIImageView+HighlightedWebCache.m */,
				5F7CBBCA1C9140E90098F9D7 /* UIImageView+WebCache.h */,
				5F7CBBCB1C9140E90098F9D7 /* UIImageView+WebCache.m */,
				5F7CBBCC1C9140E90098F9D7 /* UIView+WebCacheOperation.h */,
				5F7CBBCD1C9140E90098F9D7 /* UIView+WebCacheOperation.m */,
			);
			path = SDWebImage;
			sourceTree = "<group>";
		};
		5F7CBBE21C9142B30098F9D7 /* HTMLParser */ = {
			isa = PBXGroup;
			children = (
				5F7CBBE31C9142B30098F9D7 /* HTMLNode.h */,
				5F7CBBE41C9142B30098F9D7 /* HTMLNode.m */,
				5F7CBBE51C9142B30098F9D7 /* HTMLParser.h */,
				5F7CBBE61C9142B30098F9D7 /* HTMLParser.m */,
			);
			path = HTMLParser;
			sourceTree = "<group>";
		};
/* End PBXGroup section */

/* Begin PBXNativeTarget section */
		5F7CBB881C913FB60098F9D7 /* ApisHTMLPrase */ = {
			isa = PBXNativeTarget;
			buildConfigurationList = 5F7CBBA01C913FB60098F9D7 /* Build configuration list for PBXNativeTarget "ApisHTMLPrase" */;
			buildPhases = (
				5F7CBB851C913FB60098F9D7 /* Sources */,
				5F7CBB861C913FB60098F9D7 /* Frameworks */,
				5F7CBB871C913FB60098F9D7 /* Resources */,
			);
			buildRules = (
			);
			dependencies = (
			);
			name = ApisHTMLPrase;
			productName = ApisHTMLPrase;
			productReference = 5F7CBB891C913FB60098F9D7 /* ApisHTMLPrase.app */;
			productType = "com.apple.product-type.application";
		};
/* End PBXNativeTarget section */

/* Begin PBXProject section */
		5F7CBB811C913FB60098F9D7 /* Project object */ = {
			isa = PBXProject;
			attributes = {
				LastUpgradeCheck = 0720;
				ORGANIZATIONNAME = "陈峰";
				TargetAttributes = {
					5F7CBB881C913FB60098F9D7 = {
						CreatedOnToolsVersion = 7.2.1;
					};
				};
			};
			buildConfigurationList = 5F7CBB841C913FB60098F9D7 /* Build configuration list for PBXProject "ApisHTMLPrase" */;
			compatibilityVersion = "Xcode 3.2";
			developmentRegion = English;
			hasScannedForEncodings = 0;
			knownRegions = (
				en,
				Base,
			);
			mainGroup = 5F7CBB801C913FB60098F9D7;
			productRefGroup = 5F7CBB8A1C913FB60098F9D7 /* Products */;
			projectDirPath = "";
			projectRoot = "";
			targets = (
				5F7CBB881C913FB60098F9D7 /* ApisHTMLPrase */,
			);
		};
/* End PBXProject section */

/* Begin PBXResourcesBuildPhase section */
		5F7CBB871C913FB60098F9D7 /* Resources */ = {
			isa = PBXResourcesBuildPhase;
			buildActionMask = 2147483647;
			files = (
				5F7CBBED1C9144030098F9D7 /* DetailInfoViewController.xib in Resources */,
				5F7CBB9C1C913FB60098F9D7 /* LaunchScreen.storyboard in Resources */,
				5F7CBBAB1C91406D0098F9D7 /* demo.html in Resources */,
				5F7CBB991C913FB60098F9D7 /* Assets.xcassets in Resources */,
				5F7CBB971C913FB60098F9D7 /* Main.storyboard in Resources */,
			);
			runOnlyForDeploymentPostprocessing = 0;
		};
/* End PBXResourcesBuildPhase section */

/* Begin PBXSourcesBuildPhase section */
		5F7CBB851C913FB60098F9D7 /* Sources */ = {
			isa = PBXSourcesBuildPhase;
			buildActionMask = 2147483647;
			files = (
				5F7CBBE71C9142B30098F9D7 /* HTMLNode.m in Sources */,
				5F7CBBDB1C9140E90098F9D7 /* UIImageView+HighlightedWebCache.m in Sources */,
				5F7CBBDC1C9140E90098F9D7 /* UIImageView+WebCache.m in Sources */,
				5F7CBBEC1C9144030098F9D7 /* DetailInfoViewController.m in Sources */,
				5F7CBBDA1C9140E90098F9D7 /* UIImage+WebP.m in Sources */,
				5F7CBBD61C9140E90098F9D7 /* SDWebImagePrefetcher.m in Sources */,
				5F7CBB941C913FB60098F9D7 /* ViewController.m in Sources */,
				5F7CBBD21C9140E90098F9D7 /* SDWebImageDecoder.m in Sources */,
				5F7CBBD31C9140E90098F9D7 /* SDWebImageDownloader.m in Sources */,
				5F7CBB911C913FB60098F9D7 /* AppDelegate.m in Sources */,
				5F7CBBD51C9140E90098F9D7 /* SDWebImageManager.m in Sources */,
				5F7CBBDD1C9140E90098F9D7 /* UIView+WebCacheOperation.m in Sources */,
				5F7CBBD71C9140E90098F9D7 /* UIButton+WebCache.m in Sources */,
				5F7CBBD91C9140E90098F9D7 /* UIImage+MultiFormat.m in Sources */,
				5F7CBB8E1C913FB60098F9D7 /* main.m in Sources */,
				5F7CBBD41C9140E90098F9D7 /* SDWebImageDownloaderOperation.m in Sources */,
				5F7CBBD81C9140E90098F9D7 /* UIImage+GIF.m in Sources */,
				5F7CBBD11C9140E90098F9D7 /* SDWebImageCompat.m in Sources */,
				5F7CBBCF1C9140E90098F9D7 /* NSData+ImageContentType.m in Sources */,
				5F7CBBCE1C9140E90098F9D7 /* MKAnnotationView+WebCache.m in Sources */,
				5F7CBBE81C9142B30098F9D7 /* HTMLParser.m in Sources */,
				5F7CBBD01C9140E90098F9D7 /* SDImageCache.m in Sources */,
			);
			runOnlyForDeploymentPostprocessing = 0;
		};
/* End PBXSourcesBuildPhase section */

/* Begin PBXVariantGroup section */
		5F7CBB951C913FB60098F9D7 /* Main.storyboard */ = {
			isa = PBXVariantGroup;
			children = (
				5F7CBB961C913FB60098F9D7 /* Base */,
			);
			name = Main.storyboard;
			sourceTree = "<group>";
		};
		5F7CBB9A1C913FB60098F9D7 /* LaunchScreen.storyboard */ = {
			isa = PBXVariantGroup;
			children = (
				5F7CBB9B1C913FB60098F9D7 /* Base */,
			);
			name = LaunchScreen.storyboard;
			sourceTree = "<group>";
		};
/* End PBXVariantGroup section */

/* Begin XCBuildConfiguration section */
		5F7CBB9E1C913FB60098F9D7 /* Debug */ = {
			isa = XCBuildConfiguration;
			buildSettings = {
				ALWAYS_SEARCH_USER_PATHS = NO;
				CLANG_CXX_LANGUAGE_STANDARD = "gnu++0x";
				CLANG_CXX_LIBRARY = "libc++";
				CLANG_ENABLE_MODULES = YES;
				CLANG_ENABLE_OBJC_ARC = YES;
				CLANG_WARN_BOOL_CONVERSION = YES;
				CLANG_WARN_CONSTANT_CONVERSION = YES;
				CLANG_WARN_DIRECT_OBJC_ISA_USAGE = YES_ERROR;
				CLANG_WARN_EMPTY_BODY = YES;
				CLANG_WARN_ENUM_CONVERSION = YES;
				CLANG_WARN_INT_CONVERSION = YES;
				CLANG_WARN_OBJC_ROOT_CLASS = YES_ERROR;
				CLANG_WARN_UNREACHABLE_CODE = YES;
				CLANG_WARN__DUPLICATE_METHOD_MATCH = YES;
				"CODE_SIGN_IDENTITY[sdk=iphoneos*]" = "iPhone Developer";
				COPY_PHASE_STRIP = NO;
				DEBUG_INFORMATION_FORMAT = dwarf;
				ENABLE_STRICT_OBJC_MSGSEND = YES;
				ENABLE_TESTABILITY = YES;
				GCC_C_LANGUAGE_STANDARD = gnu99;
				GCC_DYNAMIC_NO_PIC = NO;
				GCC_NO_COMMON_BLOCKS = YES;
				GCC_OPTIMIZATION_LEVEL = 0;
				GCC_PREPROCESSOR_DEFINITIONS = (
					"DEBUG=1",
					"$(inherited)",
				);
				GCC_WARN_64_TO_32_BIT_CONVERSION = YES;
				GCC_WARN_ABOUT_RETURN_TYPE = YES_ERROR;
				GCC_WARN_UNDECLARED_SELECTOR = YES;
				GCC_WARN_UNINITIALIZED_AUTOS = YES_AGGRESSIVE;
				GCC_WARN_UNUSED_FUNCTION = YES;
				GCC_WARN_UNUSED_VARIABLE = YES;
				IPHONEOS_DEPLOYMENT_TARGET = 9.2;
				MTL_ENABLE_DEBUG_INFO = YES;
				ONLY_ACTIVE_ARCH = YES;
				SDKROOT = iphoneos;
			};
			name = Debug;
		};
		5F7CBB9F1C913FB60098F9D7 /* Release */ = {
			isa = XCBuildConfiguration;
			buildSettings = {
				ALWAYS_SEARCH_USER_PATHS = NO;
				CLANG_CXX_LANGUAGE_STANDARD = "gnu++0x";
				CLANG_CXX_LIBRARY = "libc++";
				CLANG_ENABLE_MODULES = YES;
				CLANG_ENABLE_OBJC_ARC = YES;
				CLANG_WARN_BOOL_CONVERSION = YES;
				CLANG_WARN_CONSTANT_CONVERSION = YES;
				CLANG_WARN_DIRECT_OBJC_ISA_USAGE = YES_ERROR;
				CLANG_WARN_EMPTY_BODY = YES;
				CLANG_WARN_ENUM_CONVERSION = YES;
				CLANG_WARN_INT_CONVERSION = YES;
				CLANG_WARN_OBJC_ROOT_CLASS = YES_ERROR;
				CLANG_WARN_UNREACHABLE_CODE = YES;
				CLANG_WARN__DUPLICATE_METHOD_MATCH = YES;
				"CODE_SIGN_IDENTITY[sdk=iphoneos*]" = "iPhone Developer";
				COPY_PHASE_STRIP = NO;
				DEBUG_INFORMATION_FORMAT = "dwarf-with-dsym";
				ENABLE_NS_ASSERTIONS = NO;
				ENABLE_STRICT_OBJC_MSGSEND = YES;
				GCC_C_LANGUAGE_STANDARD = gnu99;
				GCC_NO_COMMON_BLOCKS = YES;
				GCC_WARN_64_TO_32_BIT_CONVERSION = YES;
				GCC_WARN_ABOUT_RETURN_TYPE = YES_ERROR;
				GCC_WARN_UNDECLARED_SELECTOR = YES;
				GCC_WARN_UNINITIALIZED_AUTOS = YES_AGGRESSIVE;
				GCC_WARN_UNUSED_FUNCTION = YES;
				GCC_WARN_UNUSED_VARIABLE = YES;
				IPHONEOS_DEPLOYMENT_TARGET = 9.2;
				MTL_ENABLE_DEBUG_INFO = NO;
				SDKROOT = iphoneos;
				VALIDATE_PRODUCT = YES;
			};
			name = Release;
		};
		5F7CBBA11C913FB60098F9D7 /* Debug */ = {
			isa = XCBuildConfiguration;
			buildSettings = {
				ASSETCATALOG_COMPILER_APPICON_NAME = AppIcon;
				HEADER_SEARCH_PATHS = /usr/include/libxml2;
				INFOPLIST_FILE = ApisHTMLPrase/Info.plist;
				LD_RUNPATH_SEARCH_PATHS = "$(inherited) @executable_path/Frameworks";
				PRODUCT_BUNDLE_IDENTIFIER = com.apis.ApisHTMLPrase;
				PRODUCT_NAME = "$(TARGET_NAME)";
			};
			name = Debug;
		};
		5F7CBBA21C913FB60098F9D7 /* Release */ = {
			isa = XCBuildConfiguration;
			buildSettings = {
				ASSETCATALOG_COMPILER_APPICON_NAME = AppIcon;
				HEADER_SEARCH_PATHS = /usr/include/libxml2;
				INFOPLIST_FILE = ApisHTMLPrase/Info.plist;
				LD_RUNPATH_SEARCH_PATHS = "$(inherited) @executable_path/Frameworks";
				PRODUCT_BUNDLE_IDENTIFIER = com.apis.ApisHTMLPrase;
				PRODUCT_NAME = "$(TARGET_NAME)";
			};
			name = Release;
		};
/* End XCBuildConfiguration section */

/* Begin XCConfigurationList section */
		5F7CBB841C913FB60098F9D7 /* Build configuration list for PBXProject "ApisHTMLPrase" */ = {
			isa = XCConfigurationList;
			buildConfigurations = (
				5F7CBB9E1C913FB60098F9D7 /* Debug */,
				5F7CBB9F1C913FB60098F9D7 /* Release */,
			);
			defaultConfigurationIsVisible = 0;
			defaultConfigurationName = Release;
		};
		5F7CBBA01C913FB60098F9D7 /* Build configuration list for PBXNativeTarget "ApisHTMLPrase" */ = {
			isa = XCConfigurationList;
			buildConfigurations = (
				5F7CBBA11C913FB60098F9D7 /* Debug */,
				5F7CBBA21C913FB60098F9D7 /* Release */,
			);
			defaultConfigurationIsVisible = 0;
			defaultConfigurationName = Release;
		};
/* End XCConfigurationList section */
	};
	rootObject = 5F7CBB811C913FB60098F9D7 /* Project object */;
}
